# This file is automatically @generated by Wally.
# It is not intended for manual editing.
registry = "test"

[[package]]
name = "csqrl/sift"
version = "0.0.5"
dependencies = []

[[package]]
name = "freddylist/llama"
version = "1.1.1"
dependencies = []

[[package]]
name = "solarhorizon/immut"
version = "0.1.0"
dependencies = [["Llama", "freddylist/llama@1.1.1"], ["Sift", "csqrl/sift@0.0.5"]]
